{
  "version": 4,
  "terraform_version": "1.3.4",
  "serial": 3,
  "lineage": "3d44e8ac-6223-8051-dd8f-03a4979a5420",
  "outputs": {},
  "resources": [
    {
      "module": "module.apigateway.module.rest_api",
      "mode": "managed",
      "type": "aws_api_gateway_method_settings",
      "name": "settings",
      "provider": "provider[\"registry.terraform.io/hashicorp/aws\"]",
      "instances": []
    },
    {
      "module": "module.apigateway.module.rest_api",
      "mode": "managed",
      "type": "aws_api_gateway_rest_api",
      "name": "api",
      "provider": "provider[\"registry.terraform.io/hashicorp/aws\"]",
      "instances": [
        {
          "schema_version": 0,
          "attributes": {
            "api_key_source": "HEADER",
            "arn": "arn:aws:apigateway:us-east-1::/restapis/qpgalceosh",
            "binary_media_types": [
              "multipart/form-data"
            ],
            "body": null,
            "created_date": "2023-05-25T00:10:07Z",
            "description": "endpoint for Nissi Bot requests",
            "disable_execute_api_endpoint": false,
            "endpoint_configuration": [
              {
                "types": [
                  "EDGE"
                ],
                "vpc_endpoint_ids": []
              }
            ],
            "execution_arn": "arn:aws:execute-api:us-east-1:890309203232:qpgalceosh",
            "fail_on_warnings": null,
            "id": "qpgalceosh",
            "minimum_compression_size": -1,
            "name": "Nissi Bot API",
            "parameters": null,
            "policy": "",
            "put_rest_api_mode": null,
            "root_resource_id": "qp32p797me",
            "tags": null,
            "tags_all": {}
          },
          "sensitive_attributes": [],
          "private": "bnVsbA==",
          "create_before_destroy": true
        }
      ]
    },
    {
      "module": "module.apigateway.module.rest_api",
      "mode": "managed",
      "type": "aws_api_gateway_stage",
      "name": "stage",
      "provider": "provider[\"registry.terraform.io/hashicorp/aws\"]",
      "instances": []
    }
  ],
  "check_results": null
}
